schema: '2.0'
stages:
  data_preparation:
    cmd: python src/stage_01_prepare_data.py
    deps:
    - path: data/data.xml
      md5: a304afb96060aad90176268345e10355
      size: 37891850
    - path: src/stage_01_prepare_data.py
      md5: 4d9b721396a9817ca7397275a6b8c0e8
      size: 2186
    - path: src/utils
      md5: 89bef173da349e91c5c8331728911003.dir
      size: 5914
      nfiles: 6
    outs:
    - path: artifacts/prepared
      md5: dc639257fd7e43c167de7349d66763c4.dir
      size: 23886351
      nfiles: 2
  featurization:
    cmd: python src/stage_02_featurization.py
    deps:
    - path: artifacts/prepared
      md5: dc639257fd7e43c167de7349d66763c4.dir
      size: 23886351
      nfiles: 2
    - path: src/stage_02_featurization.py
      md5: 1eba9d571e7def965520e2f617e7897c
      size: 3126
    - path: src/utils
      md5: 89bef173da349e91c5c8331728911003.dir
      size: 5914
      nfiles: 6
    outs:
    - path: artifacts/features
      md5: 2638a56d12c43583c71dc6f020a45b54.dir
      size: 12272480
      nfiles: 2
  train:
    cmd: python src/stage_03_train.py
    deps:
    - path: artifacts/features/train.pkl
      md5: 296954b676c7102e4212fa3e7d7691ed
      size: 8558640
    - path: src/stage_03_train.py
      md5: f1620cd8831f370d75673dd1a7e0ad03
      size: 2471
    - path: src/utils
      md5: 89bef173da349e91c5c8331728911003.dir
      size: 5914
      nfiles: 6
    outs:
    - path: artifacts/model/model.pkl
      md5: 4753dde91d321465760505101841392e
      size: 3119312
  evaluate:
    cmd: python src/stage_04_evaluate.py
    deps:
    - path: artifacts/features/test.pkl
      md5: 082d39185c64d407966f659a8f55a7fb
      size: 3713840
    - path: artifacts/model/model.pkl
      md5: 4753dde91d321465760505101841392e
      size: 3119312
    - path: src/stage_04_evaluate.py
      md5: f167b32a0e2b71cfbc0792e25bcd7f74
      size: 3568
    - path: src/utils
      md5: 89bef173da349e91c5c8331728911003.dir
      size: 5914
      nfiles: 6
    outs:
    - path: prc.json
      md5: 17277d18f20a5803a7012ea48fa8d15a
      size: 145992
    - path: roc.json
      md5: a40b1f8c5467bb21859c2afa49fb797a
      size: 138906
    - path: scores.json
      md5: 998d585d339f75a78e5691960b51a995
      size: 76
